// !$*UTF8*$!
{
	archiveVersion = 1;
	classes = {
	};
	objectVersion = 55;
	objects = {

/* Begin PBXBuildFile section */
		A590896C27F18B70006D7AC8 /* AppDelegate.swift in Sources */ = {isa = PBXBuildFile; fileRef = A590896B27F18B70006D7AC8 /* AppDelegate.swift */; };
		A590896E27F18B70006D7AC8 /* SceneDelegate.swift in Sources */ = {isa = PBXBuildFile; fileRef = A590896D27F18B70006D7AC8 /* SceneDelegate.swift */; };
		A590897027F18B70006D7AC8 /* ViewController.swift in Sources */ = {isa = PBXBuildFile; fileRef = A590896F27F18B70006D7AC8 /* ViewController.swift */; };
		A590897327F18B70006D7AC8 /* Main.storyboard in Resources */ = {isa = PBXBuildFile; fileRef = A590897127F18B70006D7AC8 /* Main.storyboard */; };
		A590897527F18B72006D7AC8 /* Assets.xcassets in Resources */ = {isa = PBXBuildFile; fileRef = A590897427F18B72006D7AC8 /* Assets.xcassets */; };
		A590897827F18B72006D7AC8 /* LaunchScreen.storyboard in Resources */ = {isa = PBXBuildFile; fileRef = A590897627F18B72006D7AC8 /* LaunchScreen.storyboard */; };
		A590898127F18BC2006D7AC8 /* TagView.swift in Sources */ = {isa = PBXBuildFile; fileRef = A590898027F18BC2006D7AC8 /* TagView.swift */; };
		A590898327F18CC2006D7AC8 /* UIView+Anchor.swift in Sources */ = {isa = PBXBuildFile; fileRef = A590898227F18CC2006D7AC8 /* UIView+Anchor.swift */; };
		A590898527F18D21006D7AC8 /* TagViewAttribute.swift in Sources */ = {isa = PBXBuildFile; fileRef = A590898427F18D21006D7AC8 /* TagViewAttribute.swift */; };
		A590898927F18EC3006D7AC8 /* TagViewItem.swift in Sources */ = {isa = PBXBuildFile; fileRef = A590898827F18EC3006D7AC8 /* TagViewItem.swift */; };
		A590898B27F18F03006D7AC8 /* TagContainer.swift in Sources */ = {isa = PBXBuildFile; fileRef = A590898A27F18F03006D7AC8 /* TagContainer.swift */; };
/* End PBXBuildFile section */

/* Begin PBXFileReference section */
		A590896827F18B70006D7AC8 /* TagView.app */ = {isa = PBXFileReference; explicitFileType = wrapper.application; includeInIndex = 0; path = TagView.app; sourceTree = BUILT_PRODUCTS_DIR; };
		A590896B27F18B70006D7AC8 /* AppDelegate.swift */ = {isa = PBXFileReference; lastKnownFileType = sourcecode.swift; path = AppDelegate.swift; sourceTree = "<group>"; };
		A590896D27F18B70006D7AC8 /* SceneDelegate.swift */ = {isa = PBXFileReference; lastKnownFileType = sourcecode.swift; path = SceneDelegate.swift; sourceTree = "<group>"; };
		A590896F27F18B70006D7AC8 /* ViewController.swift */ = {isa = PBXFileReference; lastKnownFileType = sourcecode.swift; path = ViewController.swift; sourceTree = "<group>"; };
		A590897227F18B70006D7AC8 /* Base */ = {isa = PBXFileReference; lastKnownFileType = file.storyboard; name = Base; path = Base.lproj/Main.storyboard; sourceTree = "<group>"; };
		A590897427F18B72006D7AC8 /* Assets.xcassets */ = {isa = PBXFileReference; lastKnownFileType = folder.assetcatalog; path = Assets.xcassets; sourceTree = "<group>"; };
		A590897727F18B72006D7AC8 /* Base */ = {isa = PBXFileReference; lastKnownFileType = file.storyboard; name = Base; path = Base.lproj/LaunchScreen.storyboard; sourceTree = "<group>"; };
		A590897927F18B72006D7AC8 /* Info.plist */ = {isa = PBXFileReference; lastKnownFileType = text.plist.xml; path = Info.plist; sourceTree = "<group>"; };
		A590898027F18BC2006D7AC8 /* TagView.swift */ = {isa = PBXFileReference; lastKnownFileType = sourcecode.swift; path = TagView.swift; sourceTree = "<group>"; };
		A590898227F18CC2006D7AC8 /* UIView+Anchor.swift */ = {isa = PBXFileReference; fileEncoding = 4; lastKnownFileType = sourcecode.swift; path = "UIView+Anchor.swift"; sourceTree = "<group>"; };
		A590898427F18D21006D7AC8 /* TagViewAttribute.swift */ = {isa = PBXFileReference; lastKnownFileType = sourcecode.swift; path = TagViewAttribute.swift; sourceTree = "<group>"; };
		A590898827F18EC3006D7AC8 /* TagViewItem.swift */ = {isa = PBXFileReference; lastKnownFileType = sourcecode.swift; path = TagViewItem.swift; sourceTree = "<group>"; };
		A590898A27F18F03006D7AC8 /* TagContainer.swift */ = {isa = PBXFileReference; lastKnownFileType = sourcecode.swift; path = TagContainer.swift; sourceTree = "<group>"; };
/* End PBXFileReference section */

/* Begin PBXFrameworksBuildPhase section */
		A590896527F18B70006D7AC8 /* Frameworks */ = {
			isa = PBXFrameworksBuildPhase;
			buildActionMask = 2147483647;
			files = (
			);
			runOnlyForDeploymentPostprocessing = 0;
		};
/* End PBXFrameworksBuildPhase section */

/* Begin PBXGroup section */
		A590895F27F18B70006D7AC8 = {
			isa = PBXGroup;
			children = (
				A590896A27F18B70006D7AC8 /* TagView */,
				A590896927F18B70006D7AC8 /* Products */,
			);
			sourceTree = "<group>";
		};
		A590896927F18B70006D7AC8 /* Products */ = {
			isa = PBXGroup;
			children = (
				A590896827F18B70006D7AC8 /* TagView.app */,
			);
			name = Products;
			sourceTree = "<group>";
		};
		A590896A27F18B70006D7AC8 /* TagView */ = {
			isa = PBXGroup;
			children = (
				A590896B27F18B70006D7AC8 /* AppDelegate.swift */,
				A590896D27F18B70006D7AC8 /* SceneDelegate.swift */,
				A590896F27F18B70006D7AC8 /* ViewController.swift */,
				A590897127F18B70006D7AC8 /* Main.storyboard */,
				A590898227F18CC2006D7AC8 /* UIView+Anchor.swift */,
				A590897427F18B72006D7AC8 /* Assets.xcassets */,
				A590897627F18B72006D7AC8 /* LaunchScreen.storyboard */,
				A590897927F18B72006D7AC8 /* Info.plist */,
				A590897F27F18BA5006D7AC8 /* CPTagView */,
			);
			path = TagView;
			sourceTree = "<group>";
		};
		A590897F27F18BA5006D7AC8 /* CPTagView */ = {
			isa = PBXGroup;
			children = (
				A590898427F18D21006D7AC8 /* TagViewAttribute.swift */,
				A590898827F18EC3006D7AC8 /* TagViewItem.swift */,
				A590898027F18BC2006D7AC8 /* TagView.swift */,
				A590898A27F18F03006D7AC8 /* TagContainer.swift */,
			);
			path = CPTagView;
			sourceTree = "<group>";
		};
/* End PBXGroup section */

/* Begin PBXNativeTarget section */
		A590896727F18B70006D7AC8 /* TagView */ = {
			isa = PBXNativeTarget;
			buildConfigurationList = A590897C27F18B72006D7AC8 /* Build configuration list for PBXNativeTarget "TagView" */;
			buildPhases = (
				A590896427F18B70006D7AC8 /* Sources */,
				A590896527F18B70006D7AC8 /* Frameworks */,
				A590896627F18B70006D7AC8 /* Resources */,
			);
			buildRules = (
			);
			dependencies = (
			);
			name = TagView;
			productName = TagView;
			productReference = A590896827F18B70006D7AC8 /* TagView.app */;
			productType = "com.apple.product-type.application";
		};
/* End PBXNativeTarget section */

/* Begin PBXProject section */
		A590896027F18B70006D7AC8 /* Project object */ = {
			isa = PBXProject;
			attributes = {
				BuildIndependentTargetsInParallel = 1;
				LastSwiftUpdateCheck = 1320;
				LastUpgradeCheck = 1320;
				TargetAttributes = {
					A590896727F18B70006D7AC8 = {
						CreatedOnToolsVersion = 13.2.1;
					};
				};
			};
			buildConfigurationList = A590896327F18B70006D7AC8 /* Build configuration list for PBXProject "TagView" */;
			compatibilityVersion = "Xcode 13.0";
			developmentRegion = en;
			hasScannedForEncodings = 0;
			knownRegions = (
				en,
				Base,
			);
			mainGroup = A590895F27F18B70006D7AC8;
			productRefGroup = A590896927F18B70006D7AC8 /* Products */;
			projectDirPath = "";
			projectRoot = "";
			targets = (
				A590896727F18B70006D7AC8 /* TagView */,
			);
		};
/* End PBXProject section */

/* Begin PBXResourcesBuildPhase section */
		A590896627F18B70006D7AC8 /* Resources */ = {
			isa = PBXResourcesBuildPhase;
			buildActionMask = 2147483647;
			files = (
				A590897827F18B72006D7AC8 /* LaunchScreen.storyboard in Resources */,
				A590897527F18B72006D7AC8 /* Assets.xcassets in Resources */,
				A590897327F18B70006D7AC8 /* Main.storyboard in Resources */,
			);
			runOnlyForDeploymentPostprocessing = 0;
		};
/* End PBXResourcesBuildPhase section */

/* Begin PBXSourcesBuildPhase section */
		A590896427F18B70006D7AC8 /* Sources */ = {
			isa = PBXSourcesBuildPhase;
			buildActionMask = 2147483647;
			files = (
				A590897027F18B70006D7AC8 /* ViewController.swift in Sources */,
				A590898B27F18F03006D7AC8 /* TagContainer.swift in Sources */,
				A590898927F18EC3006D7AC8 /* TagViewItem.swift in Sources */,
				A590896C27F18B70006D7AC8 /* AppDelegate.swift in Sources */,
				A590898527F18D21006D7AC8 /* TagViewAttribute.swift in Sources */,
				A590896E27F18B70006D7AC8 /* SceneDelegate.swift in Sources */,
				A590898127F18BC2006D7AC8 /* TagView.swift in Sources */,
				A590898327F18CC2006D7AC8 /* UIView+Anchor.swift in Sources */,
			);
			runOnlyForDeploymentPostprocessing = 0;
		};
/* End PBXSourcesBuildPhase section */

/* Begin PBXVariantGroup section */
		A590897127F18B70006D7AC8 /* Main.storyboard */ = {
			isa = PBXVariantGroup;
			children = (
				A590897227F18B70006D7AC8 /* Base */,
			);
			name = Main.storyboard;
			sourceTree = "<group>";
		};
		A590897627F18B72006D7AC8 /* LaunchScreen.storyboard */ = {
			isa = PBXVariantGroup;
			children = (
				A590897727F18B72006D7AC8 /* Base */,
			);
			name = LaunchScreen.storyboard;
			sourceTree = "<group>";
		};
/* End PBXVariantGroup section */

/* Begin XCBuildConfiguration section */
		A590897A27F18B72006D7AC8 /* Debug */ = {
			isa = XCBuildConfiguration;
			buildSettings = {
				ALWAYS_SEARCH_USER_PATHS = NO;
				CLANG_ANALYZER_NONNULL = YES;
				CLANG_ANALYZER_NUMBER_OBJECT_CONVERSION = YES_AGGRESSIVE;
				CLANG_CXX_LANGUAGE_STANDARD = "gnu++17";
				CLANG_CXX_LIBRARY = "libc++";
				CLANG_ENABLE_MODULES = YES;
				CLANG_ENABLE_OBJC_ARC = YES;
				CLANG_ENABLE_OBJC_WEAK = YES;
				CLANG_WARN_BLOCK_CAPTURE_AUTORELEASING = YES;
				CLANG_WARN_BOOL_CONVERSION = YES;
				CLANG_WARN_COMMA = YES;
				CLANG_WARN_CONSTANT_CONVERSION = YES;
				CLANG_WARN_DEPRECATED_OBJC_IMPLEMENTATIONS = YES;
				CLANG_WARN_DIRECT_OBJC_ISA_USAGE = YES_ERROR;
				CLANG_WARN_DOCUMENTATION_COMMENTS = YES;
				CLANG_WARN_EMPTY_BODY = YES;
				CLANG_WARN_ENUM_CONVERSION = YES;
				CLANG_WARN_INFINITE_RECURSION = YES;
				CLANG_WARN_INT_CONVERSION = YES;
				CLANG_WARN_NON_LITERAL_NULL_CONVERSION = YES;
				CLANG_WARN_OBJC_IMPLICIT_RETAIN_SELF = YES;
				CLANG_WARN_OBJC_LITERAL_CONVERSION = YES;
				CLANG_WARN_OBJC_ROOT_CLASS = YES_ERROR;
				CLANG_WARN_QUOTED_INCLUDE_IN_FRAMEWORK_HEADER = YES;
				CLANG_WARN_RANGE_LOOP_ANALYSIS = YES;
				CLANG_WARN_STRICT_PROTOTYPES = YES;
				CLANG_WARN_SUSPICIOUS_MOVE = YES;
				CLANG_WARN_UNGUARDED_AVAILABILITY = YES_AGGRESSIVE;
				CLANG_WARN_UNREACHABLE_CODE = YES;
				CLANG_WARN__DUPLICATE_METHOD_MATCH = YES;
				COPY_PHASE_STRIP = NO;
				DEBUG_INFORMATION_FORMAT = dwarf;
				ENABLE_STRICT_OBJC_MSGSEND = YES;
				ENABLE_TESTABILITY = YES;
				GCC_C_LANGUAGE_STANDARD = gnu11;
				GCC_DYNAMIC_NO_PIC = NO;
				GCC_NO_COMMON_BLOCKS = YES;
				GCC_OPTIMIZATION_LEVEL = 0;
				GCC_PREPROCESSOR_DEFINITIONS = (
					"DEBUG=1",
					"$(inherited)",
				);
				GCC_WARN_64_TO_32_BIT_CONVERSION = YES;
				GCC_WARN_ABOUT_RETURN_TYPE = YES_ERROR;
				GCC_WARN_UNDECLARED_SELECTOR = YES;
				GCC_WARN_UNINITIALIZED_AUTOS = YES_AGGRESSIVE;
				GCC_WARN_UNUSED_FUNCTION = YES;
				GCC_WARN_UNUSED_VARIABLE = YES;
				IPHONEOS_DEPLOYMENT_TARGET = 15.2;
				MTL_ENABLE_DEBUG_INFO = INCLUDE_SOURCE;
				MTL_FAST_MATH = YES;
				ONLY_ACTIVE_ARCH = YES;
				SDKROOT = iphoneos;
				SWIFT_ACTIVE_COMPILATION_CONDITIONS = DEBUG;
				SWIFT_OPTIMIZATION_LEVEL = "-Onone";
			};
			name = Debug;
		};
		A590897B27F18B72006D7AC8 /* Release */ = {
			isa = XCBuildConfiguration;
			buildSettings = {
				ALWAYS_SEARCH_USER_PATHS = NO;
				CLANG_ANALYZER_NONNULL = YES;
				CLANG_ANALYZER_NUMBER_OBJECT_CONVERSION = YES_AGGRESSIVE;
				CLANG_CXX_LANGUAGE_STANDARD = "gnu++17";
				CLANG_CXX_LIBRARY = "libc++";
				CLANG_ENABLE_MODULES = YES;
				CLANG_ENABLE_OBJC_ARC = YES;
				CLANG_ENABLE_OBJC_WEAK = YES;
				CLANG_WARN_BLOCK_CAPTURE_AUTORELEASING = YES;
				CLANG_WARN_BOOL_CONVERSION = YES;
				CLANG_WARN_COMMA = YES;
				CLANG_WARN_CONSTANT_CONVERSION = YES;
				CLANG_WARN_DEPRECATED_OBJC_IMPLEMENTATIONS = YES;
				CLANG_WARN_DIRECT_OBJC_ISA_USAGE = YES_ERROR;
				CLANG_WARN_DOCUMENTATION_COMMENTS = YES;
				CLANG_WARN_EMPTY_BODY = YES;
				CLANG_WARN_ENUM_CONVERSION = YES;
				CLANG_WARN_INFINITE_RECURSION = YES;
				CLANG_WARN_INT_CONVERSION = YES;
				CLANG_WARN_NON_LITERAL_NULL_CONVERSION = YES;
				CLANG_WARN_OBJC_IMPLICIT_RETAIN_SELF = YES;
				CLANG_WARN_OBJC_LITERAL_CONVERSION = YES;
				CLANG_WARN_OBJC_ROOT_CLASS = YES_ERROR;
				CLANG_WARN_QUOTED_INCLUDE_IN_FRAMEWORK_HEADER = YES;
				CLANG_WARN_RANGE_LOOP_ANALYSIS = YES;
				CLANG_WARN_STRICT_PROTOTYPES = YES;
				CLANG_WARN_SUSPICIOUS_MOVE = YES;
				CLANG_WARN_UNGUARDED_AVAILABILITY = YES_AGGRESSIVE;
				CLANG_WARN_UNREACHABLE_CODE = YES;
				CLANG_WARN__DUPLICATE_METHOD_MATCH = YES;
				COPY_PHASE_STRIP = NO;
				DEBUG_INFORMATION_FORMAT = "dwarf-with-dsym";
				ENABLE_NS_ASSERTIONS = NO;
				ENABLE_STRICT_OBJC_MSGSEND = YES;
				GCC_C_LANGUAGE_STANDARD = gnu11;
				GCC_NO_COMMON_BLOCKS = YES;
				GCC_WARN_64_TO_32_BIT_CONVERSION = YES;
				GCC_WARN_ABOUT_RETURN_TYPE = YES_ERROR;
				GCC_WARN_UNDECLARED_SELECTOR = YES;
				GCC_WARN_UNINITIALIZED_AUTOS = YES_AGGRESSIVE;
				GCC_WARN_UNUSED_FUNCTION = YES;
				GCC_WARN_UNUSED_VARIABLE = YES;
				IPHONEOS_DEPLOYMENT_TARGET = 15.2;
				MTL_ENABLE_DEBUG_INFO = NO;
				MTL_FAST_MATH = YES;
				SDKROOT = iphoneos;
				SWIFT_COMPILATION_MODE = wholemodule;
				SWIFT_OPTIMIZATION_LEVEL = "-O";
				VALIDATE_PRODUCT = YES;
			};
			name = Release;
		};
		A590897D27F18B72006D7AC8 /* Debug */ = {
			isa = XCBuildConfiguration;
			buildSettings = {
				ASSETCATALOG_COMPILER_APPICON_NAME = AppIcon;
				ASSETCATALOG_COMPILER_GLOBAL_ACCENT_COLOR_NAME = AccentColor;
				CODE_SIGN_STYLE = Automatic;
				CURRENT_PROJECT_VERSION = 1;
				GENERATE_INFOPLIST_FILE = YES;
				INFOPLIST_FILE = TagView/Info.plist;
				INFOPLIST_KEY_UIApplicationSupportsIndirectInputEvents = YES;
				INFOPLIST_KEY_UILaunchStoryboardName = LaunchScreen;
				INFOPLIST_KEY_UIMainStoryboardFile = Main;
				INFOPLIST_KEY_UISupportedInterfaceOrientations_iPad = "UIInterfaceOrientationPortrait UIInterfaceOrientationPortraitUpsideDown UIInterfaceOrientationLandscapeLeft UIInterfaceOrientationLandscapeRight";
				INFOPLIST_KEY_UISupportedInterfaceOrientations_iPhone = "UIInterfaceOrientationPortrait UIInterfaceOrientationLandscapeLeft UIInterfaceOrientationLandscapeRight";
				IPHONEOS_DEPLOYMENT_TARGET = 13.3;
				LD_RUNPATH_SEARCH_PATHS = (
					"$(inherited)",
					"@executable_path/Frameworks",
				);
				MARKETING_VERSION = 1.0;
				PRODUCT_BUNDLE_IDENTIFIER = Indrajit.TagView;
				PRODUCT_NAME = "$(TARGET_NAME)";
				SWIFT_EMIT_LOC_STRINGS = YES;
				SWIFT_VERSION = 5.0;
				TARGETED_DEVICE_FAMILY = "1,2";
			};
			name = Debug;
		};
		A590897E27F18B72006D7AC8 /* Release */ = {
			isa = XCBuildConfiguration;
			buildSettings = {
				ASSETCATALOG_COMPILER_APPICON_NAME = AppIcon;
				ASSETCATALOG_COMPILER_GLOBAL_ACCENT_COLOR_NAME = AccentColor;
				CODE_SIGN_STYLE = Automatic;
				CURRENT_PROJECT_VERSION = 1;
				GENERATE_INFOPLIST_FILE = YES;
				INFOPLIST_FILE = TagView/Info.plist;
				INFOPLIST_KEY_UIApplicationSupportsIndirectInputEvents = YES;
				INFOPLIST_KEY_UILaunchStoryboardName = LaunchScreen;
				INFOPLIST_KEY_UIMainStoryboardFile = Main;
				INFOPLIST_KEY_UISupportedInterfaceOrientations_iPad = "UIInterfaceOrientationPortrait UIInterfaceOrientationPortraitUpsideDown UIInterfaceOrientationLandscapeLeft UIInterfaceOrientationLandscapeRight";
				INFOPLIST_KEY_UISupportedInterfaceOrientations_iPhone = "UIInterfaceOrientationPortrait UIInterfaceOrientationLandscapeLeft UIInterfaceOrientationLandscapeRight";
				IPHONEOS_DEPLOYMENT_TARGET = 13.3;
				LD_RUNPATH_SEARCH_PATHS = (
					"$(inherited)",
					"@executable_path/Frameworks",
				);
				MARKETING_VERSION = 1.0;
				PRODUCT_BUNDLE_IDENTIFIER = Indrajit.TagView;
				PRODUCT_NAME = "$(TARGET_NAME)";
				SWIFT_EMIT_LOC_STRINGS = YES;
				SWIFT_VERSION = 5.0;
				TARGETED_DEVICE_FAMILY = "1,2";
			};
			name = Release;
		};
/* End XCBuildConfiguration section */

/* Begin XCConfigurationList section */
		A590896327F18B70006D7AC8 /* Build configuration list for PBXProject "TagView" */ = {
			isa = XCConfigurationList;
			buildConfigurations = (
				A590897A27F18B72006D7AC8 /* Debug */,
				A590897B27F18B72006D7AC8 /* Release */,
			);
			defaultConfigurationIsVisible = 0;
			defaultConfigurationName = Release;
		};
		A590897C27F18B72006D7AC8 /* Build configuration list for PBXNativeTarget "TagView" */ = {
			isa = XCConfigurationList;
			buildConfigurations = (
				A590897D27F18B72006D7AC8 /* Debug */,
				A590897E27F18B72006D7AC8 /* Release */,
			);
			defaultConfigurationIsVisible = 0;
			defaultConfigurationName = Release;
		};
/* End XCConfigurationList section */
	};
	rootObject = A590896027F18B70006D7AC8 /* Project object */;
}
